
Microsoft Visual Studio Solution File, Format Version 12.00
# Visual Studio Version 16
VisualStudioVersion = 16.0.29926.136
MinimumVisualStudioVersion = 10.0.40219.1
Project("{FAE04EC0-301F-11D3-BF4B-00C04F79EFBC}") = "Social security.MVC", "Social security.MVC\Social security.MVC.csproj", "{50BF2398-6F86-4750-BD42-1E905F918E01}"
EndProject
Global
	GlobalSection(SolutionConfigurationPlatforms) = preSolution
		Debug|Any CPU = Debug|Any CPU
		Release|Any CPU = Release|Any CPU
	EndGlobalSection
	GlobalSection(ProjectConfigurationPlatforms) = postSolution
		{50BF2398-6F86-4750-BD42-1E905F918E01}.Debug|Any CPU.ActiveCfg = Debug|Any CPU
		{50BF2398-6F86-4750-BD42-1E905F918E01}.Debug|Any CPU.Build.0 = Debug|Any CPU
		{50BF2398-6F86-4750-BD42-1E905F918E01}.Release|Any CPU.ActiveCfg = Release|Any CPU
		{50BF2398-6F86-4750-BD42-1E905F918E01}.Release|Any CPU.Build.0 = Release|Any CPU
	EndGlobalSection
	GlobalSection(SolutionProperties) = preSolution
		HideSolutionNode = FALSE
	EndGlobalSection
	GlobalSection(ExtensibilityGlobals) = postSolution
		SolutionGuid = {011866C6-D8B9-4F69-BA50-DF5E855E53B4}
	EndGlobalSection
EndGlobal
